
Microsoft Visual Studio Solution File, Format Version 12.00
# Visual Studio Version 17
VisualStudioVersion = 17.13.35507.96 d17.13
MinimumVisualStudioVersion = 10.0.40219.1
Project("{FAE04EC0-301F-11D3-BF4B-00C04F79EFBC}") = "HospitalManagementSystem", "HospitalManagementSystem\HospitalManagementSystem.csproj", "{622BA20E-D224-48BC-9FC3-06A37A47B5C6}"
EndProject
Global
	GlobalSection(SolutionConfigurationPlatforms) = preSolution
		Debug|Any CPU = Debug|Any CPU
		Release|Any CPU = Release|Any CPU
	EndGlobalSection
	GlobalSection(ProjectConfigurationPlatforms) = postSolution
		{622BA20E-D224-48BC-9FC3-06A37A47B5C6}.Debug|Any CPU.ActiveCfg = Debug|Any CPU
		{622BA20E-D224-48BC-9FC3-06A37A47B5C6}.Debug|Any CPU.Build.0 = Debug|Any CPU
		{622BA20E-D224-48BC-9FC3-06A37A47B5C6}.Release|Any CPU.ActiveCfg = Release|Any CPU
		{622BA20E-D224-48BC-9FC3-06A37A47B5C6}.Release|Any CPU.Build.0 = Release|Any CPU
	EndGlobalSection
	GlobalSection(SolutionProperties) = preSolution
		HideSolutionNode = FALSE
	EndGlobalSection
	GlobalSection(ExtensibilityGlobals) = postSolution
		SolutionGuid = {CC30E37E-F924-4F94-BB56-687D4EC0315A}
	EndGlobalSection
EndGlobal
